{
  "version": 4,
  "terraform_version": "1.7.5",
  "serial": 25,
  "lineage": "d4b9b0ff-a5b0-78ea-4437-030b7499355c",
  "outputs": {},
  "resources": [
    {
      "mode": "managed",
      "type": "aws_s3_bucket",
      "name": "mybucket",
      "provider": "provider[\"registry.terraform.io/hashicorp/aws\"]",
      "instances": [
        {
          "schema_version": 0,
          "attributes": {
            "acceleration_status": "",
            "acl": null,
            "arn": "arn:aws:s3:::s3statebackend4231new",
            "bucket": "s3statebackend4231new",
            "bucket_domain_name": "s3statebackend4231new.s3.amazonaws.com",
            "bucket_prefix": "",
            "bucket_regional_domain_name": "s3statebackend4231new.s3.eu-north-1.amazonaws.com",
            "cors_rule": [],
            "force_destroy": false,
            "grant": [
              {
                "id": "1db53c5339bd1d1eda9ae05150a432b97d4866e23a5ebbf35401d56147c36fe9",
                "permissions": [
                  "FULL_CONTROL"
                ],
                "type": "CanonicalUser",
                "uri": ""
              }
            ],
            "hosted_zone_id": "Z3BAZG2TWCNX0D",
            "id": "s3statebackend4231new",
            "lifecycle_rule": [],
            "logging": [],
            "object_lock_configuration": [
              {
                "object_lock_enabled": "Enabled",
                "rule": []
              }
            ],
            "object_lock_enabled": true,
            "policy": "",
            "region": "eu-north-1",
            "replication_configuration": [],
            "request_payer": "BucketOwner",
            "server_side_encryption_configuration": [
              {
                "rule": [
                  {
                    "apply_server_side_encryption_by_default": [
                      {
                        "kms_master_key_id": "",
                        "sse_algorithm": "AES256"
                      }
                    ],
                    "bucket_key_enabled": false
                  }
                ]
              }
            ],
            "tags": {},
            "tags_all": {},
            "timeouts": null,
            "versioning": [
              {
                "enabled": true,
                "mfa_delete": false
              }
            ],
            "website": [],
            "website_domain": null,
            "website_endpoint": null
          },
          "sensitive_attributes": [],
          "private": "eyJlMmJmYjczMC1lY2FhLTExZTYtOGY4OC0zNDM2M2JjN2M0YzAiOnsiY3JlYXRlIjoxMjAwMDAwMDAwMDAwLCJkZWxldGUiOjM2MDAwMDAwMDAwMDAsInJlYWQiOjEyMDAwMDAwMDAwMDAsInVwZGF0ZSI6MTIwMDAwMDAwMDAwMH19"
        }
      ]
    },
    {
      "module": "module.terra_vpc",
      "mode": "managed",
      "type": "aws_eks_cluster",
      "name": "aws_eks",
      "provider": "provider[\"registry.terraform.io/hashicorp/aws\"]",
      "instances": [
        {
          "schema_version": 0,
          "attributes": {
            "access_config": [
              {
                "authentication_mode": "CONFIG_MAP",
                "bootstrap_cluster_creator_admin_permissions": false
              }
            ],
            "arn": "arn:aws:eks:eu-north-1:590183998690:cluster/Test-Cluster-v1-01-001",
            "certificate_authority": [
              {
                "data": "LS0tLS1CRUdJTiBDRVJUSUZJQ0FURS0tLS0tCk1JSURCVENDQWUyZ0F3SUJBZ0lJR0RqSWpLTzRIMjB3RFFZSktvWklodmNOQVFFTEJRQXdGVEVUTUJFR0ExVUUKQXhNS2EzVmlaWEp1WlhSbGN6QWVGdzB5TkRBME1qSXhNREUzTXpKYUZ3MHpOREEwTWpBeE1ESXlNekphTUJVeApFekFSQmdOVkJBTVRDbXQxWW1WeWJtVjBaWE13Z2dFaU1BMEdDU3FHU0liM0RRRUJBUVVBQTRJQkR3QXdnZ0VLCkFvSUJBUUNweUFLZVpCRVR4UVovWFJ0YUZrWDJ3T2hHS25La0VlNzdlMTdESHlGRzJBb3g4dTBscTFONnJxd1IKMHoxTnFWL3ZOZXFRcXNsVDZEMXdlODdaTmtXVEQwSHBON2xiWnc4dU1xVWJ6bDh5MkZSUEdPWnJ4eXIrb28wbgppTllveThtL0xFbkhpY1pLTjdrUDVxbjVZUU5aQ1M3WThHVlNia2tKYjU4dEdyWW9DaFRnZGtzemdrYy96RzFSCjZXeWlwejNrZm0zUWpFbUQ1WUw0ZTl1SVZkQ2dHMnN3OTRnaG9XQ0N1bEJqK1Z5bDViUU5OdXBzcUM4QjQ5Q1AKbGw0TTIxb0R3a2hzWWJkbEdOYXAvbHRCSmE5MzlMa1ZTN2ZVSjVOL2JWVzlyMjZxQk1MMVRBZ1p1Q2lTWU9mYQppeEF2Y0RDdE43Y24vUVlERW9RZkx0OVhrb1p4QWdNQkFBR2pXVEJYTUE0R0ExVWREd0VCL3dRRUF3SUNwREFQCkJnTlZIUk1CQWY4RUJUQURBUUgvTUIwR0ExVWREZ1FXQkJRSGhkQUpPcDU4QVNkdmZvTnlMQUNCbDdDT3lEQVYKQmdOVkhSRUVEakFNZ2dwcmRXSmxjbTVsZEdWek1BMEdDU3FHU0liM0RRRUJDd1VBQTRJQkFRQ2ptVFRSSU00Rwp0aVUrQ1VialZ0dDZvZzNlTVA4cDhVTUFqOGdLK0s0dHdlYUUyL3dMbnJXQVpXOWlLWUZLZU9ndGFNT0pUQXFCClowY3BrUG9WbGJxVFdXZDIvSnlQVGRIajVhaGd3ak5ORGU1bG8zd0dwQTJ1VHNrVXFrd2ZLelNjVVNpVXliYk4KL1hNS3ZuYnlPZTlRN0FWLy96OHdrVm14SVhzS2N3aW9wQlNyY2NRWEJBSFRhSVk4bkZGY25lS2xSSjZwSUJGbwpNRlV3ZGw5NTdtZ1M0UHlwNGlwWWF6ZW9mbThpbDRZMDRlVU5ZbC9MSXd4emUxRzBwSHhPUHZpWWloYlQvWkRFClpTOXJtdGJUc0RSUkMyWFQ4bkxaNzNKd2ZZQ002VnlwR2V4MHdlTkRqdjNpREYyNmdReENWbTNLYXFwZ1N5Q3QKcTlWd2orRENqanhWCi0tLS0tRU5EIENFUlRJRklDQVRFLS0tLS0K"
              }
            ],
            "cluster_id": null,
            "created_at": "2024-04-22 10:18:35.709 +0000 UTC",
            "enabled_cluster_log_types": [],
            "encryption_config": [],
            "endpoint": "https://1C320028C5F6952427B5A2D7F31C6F42.yl4.eu-north-1.eks.amazonaws.com",
            "id": "Test-Cluster-v1-01-001",
            "identity": [
              {
                "oidc": [
                  {
                    "issuer": "https://oidc.eks.eu-north-1.amazonaws.com/id/1C320028C5F6952427B5A2D7F31C6F42"
                  }
                ]
              }
            ],
            "kubernetes_network_config": [
              {
                "ip_family": "ipv4",
                "service_ipv4_cidr": "10.100.0.0/16",
                "service_ipv6_cidr": ""
              }
            ],
            "name": "Test-Cluster-v1-01-001",
            "outpost_config": [],
            "platform_version": "eks.6",
            "role_arn": "arn:aws:iam::590183998690:role/eks_role",
            "status": "ACTIVE",
            "tags": {
              "Application": "TestApplication",
              "ISTO_Containers": "AWS-EKS",
              "Name": "Test-Cluster-v1-01-001",
              "Owner": "Sudharshan",
              "Team": "Sudharshan"
            },
            "tags_all": {
              "Application": "TestApplication",
              "ISTO_Containers": "AWS-EKS",
              "Name": "Test-Cluster-v1-01-001",
              "Owner": "Sudharshan",
              "Team": "Sudharshan"
            },
            "timeouts": null,
            "version": "1.29",
            "vpc_config": [
              {
                "cluster_security_group_id": "sg-0c26848a4250338ef",
                "endpoint_private_access": false,
                "endpoint_public_access": true,
                "public_access_cidrs": [
                  "0.0.0.0/0"
                ],
                "security_group_ids": [
                  "sg-00527a7ca0b887824"
                ],
                "subnet_ids": [
                  "subnet-09d725677e41eadaf",
                  "subnet-0cf7f317d8cff93f2"
                ],
                "vpc_id": "vpc-00d50ff615e15c1f9"
              }
            ]
          },
          "sensitive_attributes": [],
          "private": "eyJlMmJmYjczMC1lY2FhLTExZTYtOGY4OC0zNDM2M2JjN2M0YzAiOnsiY3JlYXRlIjoxODAwMDAwMDAwMDAwLCJkZWxldGUiOjkwMDAwMDAwMDAwMCwidXBkYXRlIjozNjAwMDAwMDAwMDAwfX0="
        }
      ]
    },
    {
      "module": "module.terra_vpc",
      "mode": "managed",
      "type": "aws_eks_node_group",
      "name": "node",
      "provider": "provider[\"registry.terraform.io/hashicorp/aws\"]",
      "instances": [
        {
          "schema_version": 0,
          "attributes": {
            "ami_type": "AL2_x86_64",
            "arn": "arn:aws:eks:eu-north-1:590183998690:nodegroup/Test-Cluster-v1-01-001/test-cluster-nodegroup-v1-01-001/c6c782b8-e899-8fe9-0f83-bc7ed444da0b",
            "capacity_type": "ON_DEMAND",
            "cluster_name": "Test-Cluster-v1-01-001",
            "disk_size": 20,
            "force_update_version": null,
            "id": "Test-Cluster-v1-01-001:test-cluster-nodegroup-v1-01-001",
            "instance_types": [
              "t3.medium"
            ],
            "labels": {},
            "launch_template": [],
            "node_group_name": "test-cluster-nodegroup-v1-01-001",
            "node_group_name_prefix": "",
            "node_role_arn": "arn:aws:iam::590183998690:role/eks_role",
            "release_version": "1.29.0-20240415",
            "remote_access": [],
            "resources": [
              {
                "autoscaling_groups": [
                  {
                    "name": "eks-test-cluster-nodegroup-v1-01-001-c6c782b8-e899-8fe9-0f83-bc7ed444da0b"
                  }
                ],
                "remote_access_security_group_id": ""
              }
            ],
            "scaling_config": [
              {
                "desired_size": 1,
                "max_size": 2,
                "min_size": 1
              }
            ],
            "status": "ACTIVE",
            "subnet_ids": [
              "subnet-09d725677e41eadaf",
              "subnet-0cf7f317d8cff93f2"
            ],
            "tags": {
              "Application": "TestApplication",
              "ISTO_Containers": "AWS-EKS",
              "Name": "test-cluster-nodegroup-v1-01-001",
              "Owner": "Sudharshan",
              "Team": "Sudharshan"
            },
            "tags_all": {
              "Application": "TestApplication",
              "ISTO_Containers": "AWS-EKS",
              "Name": "test-cluster-nodegroup-v1-01-001",
              "Owner": "Sudharshan",
              "Team": "Sudharshan"
            },
            "taint": [],
            "timeouts": null,
            "update_config": [
              {
                "max_unavailable": 1,
                "max_unavailable_percentage": 0
              }
            ],
            "version": "1.29"
          },
          "sensitive_attributes": [],
          "private": "eyJlMmJmYjczMC1lY2FhLTExZTYtOGY4OC0zNDM2M2JjN2M0YzAiOnsiY3JlYXRlIjozNjAwMDAwMDAwMDAwLCJkZWxldGUiOjM2MDAwMDAwMDAwMDAsInVwZGF0ZSI6MzYwMDAwMDAwMDAwMH19",
          "dependencies": [
            "module.terra_vpc.aws_eks_cluster.aws_eks",
            "module.terra_vpc.aws_launch_template.launchtemplate"
          ]
        }
      ]
    },
    {
      "module": "module.terra_vpc",
      "mode": "managed",
      "type": "aws_launch_template",
      "name": "launchtemplate",
      "provider": "provider[\"registry.terraform.io/hashicorp/aws\"]",
      "instances": [
        {
          "schema_version": 0,
          "attributes": {
            "arn": "arn:aws:ec2:eu-north-1:590183998690:launch-template/lt-0b69c3870e86d2b63",
            "block_device_mappings": [
              {
                "device_name": "/dev/sda1",
                "ebs": [
                  {
                    "delete_on_termination": "",
                    "encrypted": "true",
                    "iops": 1000,
                    "kms_key_id": "",
                    "snapshot_id": "",
                    "throughput": 0,
                    "volume_size": 30,
                    "volume_type": "io1"
                  }
                ],
                "no_device": "",
                "virtual_name": ""
              }
            ],
            "capacity_reservation_specification": [],
            "cpu_options": [],
            "credit_specification": [],
            "default_version": 1,
            "description": "",
            "disable_api_stop": false,
            "disable_api_termination": false,
            "ebs_optimized": "",
            "elastic_gpu_specifications": [],
            "elastic_inference_accelerator": [],
            "enclave_options": [],
            "hibernation_options": [],
            "iam_instance_profile": [],
            "id": "lt-0b69c3870e86d2b63",
            "image_id": "ami-01dad638e8f31ab9a",
            "instance_initiated_shutdown_behavior": "",
            "instance_market_options": [],
            "instance_requirements": [],
            "instance_type": "t3.micro",
            "kernel_id": "",
            "key_name": "cg-test",
            "latest_version": 1,
            "license_specification": [],
            "maintenance_options": [],
            "metadata_options": [],
            "monitoring": [],
            "name": "Test-Cluster-v1-01-001",
            "name_prefix": "",
            "network_interfaces": [],
            "placement": [],
            "private_dns_name_options": [],
            "ram_disk_id": "",
            "security_group_names": [],
            "tag_specifications": [
              {
                "resource_type": "instance",
                "tags": {
                  "Application": "TestApplication",
                  "ISTO_Containers": "AWS-EKS",
                  "Name": "test-cluster-nodegroup-v1-01-001",
                  "Owner": "Sudharshan",
                  "Team": "Sudharshan"
                }
              }
            ],
            "tags": {},
            "tags_all": {},
            "update_default_version": true,
            "user_data": "",
            "vpc_security_group_ids": [
              "sg-00527a7ca0b887824"
            ]
          },
          "sensitive_attributes": [],
          "private": "bnVsbA=="
        }
      ]
    }
  ],
  "check_results": null
}
